// !$*UTF8*$!
{
	archiveVersion = 1;
	classes = {
	};
	objectVersion = 46;
	objects = {

/* Begin PBXBuildFile section */
		8D28CB5A2161AE25EF773E5C /* Pods_SpotifyJsonTutTests.framework in Frameworks */ = {isa = PBXBuildFile; fileRef = 32496421EE1F5DA757238456 /* Pods_SpotifyJsonTutTests.framework */; };
		9FC5C3D9976B8C1F8DAF3EEE /* Pods_SpotifyJsonTutUITests.framework in Frameworks */ = {isa = PBXBuildFile; fileRef = 79D115935A665F9DDD43B7E3 /* Pods_SpotifyJsonTutUITests.framework */; };
		C2371C5465DE5A012BC57672 /* Pods_SpotifyJsonTut.framework in Frameworks */ = {isa = PBXBuildFile; fileRef = EA824ABE764D06F740257610 /* Pods_SpotifyJsonTut.framework */; };
		E4BB82651DADAA0A004F359F /* AppDelegate.swift in Sources */ = {isa = PBXBuildFile; fileRef = E4BB82641DADAA0A004F359F /* AppDelegate.swift */; };
		E4BB82671DADAA0A004F359F /* ViewController.swift in Sources */ = {isa = PBXBuildFile; fileRef = E4BB82661DADAA0A004F359F /* ViewController.swift */; };
		E4BB826A1DADAA0A004F359F /* Main.storyboard in Resources */ = {isa = PBXBuildFile; fileRef = E4BB82681DADAA0A004F359F /* Main.storyboard */; };
		E4BB826D1DADAA0A004F359F /* SpotifyJsonTut.xcdatamodeld in Sources */ = {isa = PBXBuildFile; fileRef = E4BB826B1DADAA0A004F359F /* SpotifyJsonTut.xcdatamodeld */; };
		E4BB826F1DADAA0A004F359F /* Assets.xcassets in Resources */ = {isa = PBXBuildFile; fileRef = E4BB826E1DADAA0A004F359F /* Assets.xcassets */; };
		E4BB82721DADAA0A004F359F /* LaunchScreen.storyboard in Resources */ = {isa = PBXBuildFile; fileRef = E4BB82701DADAA0A004F359F /* LaunchScreen.storyboard */; };
		E4BB827D1DADAA0A004F359F /* SpotifyJsonTutTests.swift in Sources */ = {isa = PBXBuildFile; fileRef = E4BB827C1DADAA0A004F359F /* SpotifyJsonTutTests.swift */; };
		E4BB82881DADAA0B004F359F /* SpotifyJsonTutUITests.swift in Sources */ = {isa = PBXBuildFile; fileRef = E4BB82871DADAA0B004F359F /* SpotifyJsonTutUITests.swift */; };
		E4D51C401DEE243D00112BA1 /* AudioVC.swift in Sources */ = {isa = PBXBuildFile; fileRef = E4D51C3F1DEE243D00112BA1 /* AudioVC.swift */; };
/* End PBXBuildFile section */

/* Begin PBXContainerItemProxy section */
		E4BB82791DADAA0A004F359F /* PBXContainerItemProxy */ = {
			isa = PBXContainerItemProxy;
			containerPortal = E4BB82591DADAA0A004F359F /* Project object */;
			proxyType = 1;
			remoteGlobalIDString = E4BB82601DADAA0A004F359F;
			remoteInfo = SpotifyJsonTut;
		};
		E4BB82841DADAA0B004F359F /* PBXContainerItemProxy */ = {
			isa = PBXContainerItemProxy;
			containerPortal = E4BB82591DADAA0A004F359F /* Project object */;
			proxyType = 1;
			remoteGlobalIDString = E4BB82601DADAA0A004F359F;
			remoteInfo = SpotifyJsonTut;
		};
/* End PBXContainerItemProxy section */

/* Begin PBXFileReference section */
		32496421EE1F5DA757238456 /* Pods_SpotifyJsonTutTests.framework */ = {isa = PBXFileReference; explicitFileType = wrapper.framework; includeInIndex = 0; path = Pods_SpotifyJsonTutTests.framework; sourceTree = BUILT_PRODUCTS_DIR; };
		64E546424CE9CF0D1F9EE849 /* Pods-SpotifyJsonTutTests.release.xcconfig */ = {isa = PBXFileReference; includeInIndex = 1; lastKnownFileType = text.xcconfig; name = "Pods-SpotifyJsonTutTests.release.xcconfig"; path = "Pods/Target Support Files/Pods-SpotifyJsonTutTests/Pods-SpotifyJsonTutTests.release.xcconfig"; sourceTree = "<group>"; };
		79D115935A665F9DDD43B7E3 /* Pods_SpotifyJsonTutUITests.framework */ = {isa = PBXFileReference; explicitFileType = wrapper.framework; includeInIndex = 0; path = Pods_SpotifyJsonTutUITests.framework; sourceTree = BUILT_PRODUCTS_DIR; };
		CD37242AE4EEF7A01E557298 /* Pods-SpotifyJsonTut.release.xcconfig */ = {isa = PBXFileReference; includeInIndex = 1; lastKnownFileType = text.xcconfig; name = "Pods-SpotifyJsonTut.release.xcconfig"; path = "Pods/Target Support Files/Pods-SpotifyJsonTut/Pods-SpotifyJsonTut.release.xcconfig"; sourceTree = "<group>"; };
		CE00B3ECCB7DCFCE35C06886 /* Pods-SpotifyJsonTutUITests.release.xcconfig */ = {isa = PBXFileReference; includeInIndex = 1; lastKnownFileType = text.xcconfig; name = "Pods-SpotifyJsonTutUITests.release.xcconfig"; path = "Pods/Target Support Files/Pods-SpotifyJsonTutUITests/Pods-SpotifyJsonTutUITests.release.xcconfig"; sourceTree = "<group>"; };
		DF756529C4A24AF63689A62A /* Pods-SpotifyJsonTutUITests.debug.xcconfig */ = {isa = PBXFileReference; includeInIndex = 1; lastKnownFileType = text.xcconfig; name = "Pods-SpotifyJsonTutUITests.debug.xcconfig"; path = "Pods/Target Support Files/Pods-SpotifyJsonTutUITests/Pods-SpotifyJsonTutUITests.debug.xcconfig"; sourceTree = "<group>"; };
		E4BB82611DADAA0A004F359F /* SpotifyJsonTut.app */ = {isa = PBXFileReference; explicitFileType = wrapper.application; includeInIndex = 0; path = SpotifyJsonTut.app; sourceTree = BUILT_PRODUCTS_DIR; };
		E4BB82641DADAA0A004F359F /* AppDelegate.swift */ = {isa = PBXFileReference; lastKnownFileType = sourcecode.swift; path = AppDelegate.swift; sourceTree = "<group>"; };
		E4BB82661DADAA0A004F359F /* ViewController.swift */ = {isa = PBXFileReference; lastKnownFileType = sourcecode.swift; path = ViewController.swift; sourceTree = "<group>"; };
		E4BB82691DADAA0A004F359F /* Base */ = {isa = PBXFileReference; lastKnownFileType = file.storyboard; name = Base; path = Base.lproj/Main.storyboard; sourceTree = "<group>"; };
		E4BB826C1DADAA0A004F359F /* SpotifyJsonTut.xcdatamodel */ = {isa = PBXFileReference; lastKnownFileType = wrapper.xcdatamodel; path = SpotifyJsonTut.xcdatamodel; sourceTree = "<group>"; };
		E4BB826E1DADAA0A004F359F /* Assets.xcassets */ = {isa = PBXFileReference; lastKnownFileType = folder.assetcatalog; path = Assets.xcassets; sourceTree = "<group>"; };
		E4BB82711DADAA0A004F359F /* Base */ = {isa = PBXFileReference; lastKnownFileType = file.storyboard; name = Base; path = Base.lproj/LaunchScreen.storyboard; sourceTree = "<group>"; };
		E4BB82731DADAA0A004F359F /* Info.plist */ = {isa = PBXFileReference; lastKnownFileType = text.plist.xml; path = Info.plist; sourceTree = "<group>"; };
		E4BB82781DADAA0A004F359F /* SpotifyJsonTutTests.xctest */ = {isa = PBXFileReference; explicitFileType = wrapper.cfbundle; includeInIndex = 0; path = SpotifyJsonTutTests.xctest; sourceTree = BUILT_PRODUCTS_DIR; };
		E4BB827C1DADAA0A004F359F /* SpotifyJsonTutTests.swift */ = {isa = PBXFileReference; lastKnownFileType = sourcecode.swift; path = SpotifyJsonTutTests.swift; sourceTree = "<group>"; };
		E4BB827E1DADAA0A004F359F /* Info.plist */ = {isa = PBXFileReference; lastKnownFileType = text.plist.xml; path = Info.plist; sourceTree = "<group>"; };
		E4BB82831DADAA0B004F359F /* SpotifyJsonTutUITests.xctest */ = {isa = PBXFileReference; explicitFileType = wrapper.cfbundle; includeInIndex = 0; path = SpotifyJsonTutUITests.xctest; sourceTree = BUILT_PRODUCTS_DIR; };
		E4BB82871DADAA0B004F359F /* SpotifyJsonTutUITests.swift */ = {isa = PBXFileReference; lastKnownFileType = sourcecode.swift; path = SpotifyJsonTutUITests.swift; sourceTree = "<group>"; };
		E4BB82891DADAA0B004F359F /* Info.plist */ = {isa = PBXFileReference; lastKnownFileType = text.plist.xml; path = Info.plist; sourceTree = "<group>"; };
		E4D51C3F1DEE243D00112BA1 /* AudioVC.swift */ = {isa = PBXFileReference; fileEncoding = 4; lastKnownFileType = sourcecode.swift; path = AudioVC.swift; sourceTree = "<group>"; };
		EA824ABE764D06F740257610 /* Pods_SpotifyJsonTut.framework */ = {isa = PBXFileReference; explicitFileType = wrapper.framework; includeInIndex = 0; path = Pods_SpotifyJsonTut.framework; sourceTree = BUILT_PRODUCTS_DIR; };
		F73D8C32E0ED64E8C437A323 /* Pods-SpotifyJsonTut.debug.xcconfig */ = {isa = PBXFileReference; includeInIndex = 1; lastKnownFileType = text.xcconfig; name = "Pods-SpotifyJsonTut.debug.xcconfig"; path = "Pods/Target Support Files/Pods-SpotifyJsonTut/Pods-SpotifyJsonTut.debug.xcconfig"; sourceTree = "<group>"; };
		F80BC780E52654B9D20E1402 /* Pods-SpotifyJsonTutTests.debug.xcconfig */ = {isa = PBXFileReference; includeInIndex = 1; lastKnownFileType = text.xcconfig; name = "Pods-SpotifyJsonTutTests.debug.xcconfig"; path = "Pods/Target Support Files/Pods-SpotifyJsonTutTests/Pods-SpotifyJsonTutTests.debug.xcconfig"; sourceTree = "<group>"; };
/* End PBXFileReference section */

/* Begin PBXFrameworksBuildPhase section */
		E4BB825E1DADAA0A004F359F /* Frameworks */ = {
			isa = PBXFrameworksBuildPhase;
			buildActionMask = 2147483647;
			files = (
				C2371C5465DE5A012BC57672 /* Pods_SpotifyJsonTut.framework in Frameworks */,
			);
			runOnlyForDeploymentPostprocessing = 0;
		};
		E4BB82751DADAA0A004F359F /* Frameworks */ = {
			isa = PBXFrameworksBuildPhase;
			buildActionMask = 2147483647;
			files = (
				8D28CB5A2161AE25EF773E5C /* Pods_SpotifyJsonTutTests.framework in Frameworks */,
			);
			runOnlyForDeploymentPostprocessing = 0;
		};
		E4BB82801DADAA0B004F359F /* Frameworks */ = {
			isa = PBXFrameworksBuildPhase;
			buildActionMask = 2147483647;
			files = (
				9FC5C3D9976B8C1F8DAF3EEE /* Pods_SpotifyJsonTutUITests.framework in Frameworks */,
			);
			runOnlyForDeploymentPostprocessing = 0;
		};
/* End PBXFrameworksBuildPhase section */

/* Begin PBXGroup section */
		5F52365804A511927E200FE0 /* Pods */ = {
			isa = PBXGroup;
			children = (
				F73D8C32E0ED64E8C437A323 /* Pods-SpotifyJsonTut.debug.xcconfig */,
				CD37242AE4EEF7A01E557298 /* Pods-SpotifyJsonTut.release.xcconfig */,
				F80BC780E52654B9D20E1402 /* Pods-SpotifyJsonTutTests.debug.xcconfig */,
				64E546424CE9CF0D1F9EE849 /* Pods-SpotifyJsonTutTests.release.xcconfig */,
				DF756529C4A24AF63689A62A /* Pods-SpotifyJsonTutUITests.debug.xcconfig */,
				CE00B3ECCB7DCFCE35C06886 /* Pods-SpotifyJsonTutUITests.release.xcconfig */,
			);
			name = Pods;
			sourceTree = "<group>";
		};
		E4BB82581DADAA0A004F359F = {
			isa = PBXGroup;
			children = (
				E4BB82631DADAA0A004F359F /* SpotifyJsonTut */,
				E4BB827B1DADAA0A004F359F /* SpotifyJsonTutTests */,
				E4BB82861DADAA0B004F359F /* SpotifyJsonTutUITests */,
				E4BB82621DADAA0A004F359F /* Products */,
				5F52365804A511927E200FE0 /* Pods */,
				E5D8F5F8621993A21BEBE675 /* Frameworks */,
			);
			sourceTree = "<group>";
		};
		E4BB82621DADAA0A004F359F /* Products */ = {
			isa = PBXGroup;
			children = (
				E4BB82611DADAA0A004F359F /* SpotifyJsonTut.app */,
				E4BB82781DADAA0A004F359F /* SpotifyJsonTutTests.xctest */,
				E4BB82831DADAA0B004F359F /* SpotifyJsonTutUITests.xctest */,
			);
			name = Products;
			sourceTree = "<group>";
		};
		E4BB82631DADAA0A004F359F /* SpotifyJsonTut */ = {
			isa = PBXGroup;
			children = (
				E4BB82641DADAA0A004F359F /* AppDelegate.swift */,
				E4BB82661DADAA0A004F359F /* ViewController.swift */,
				E4D51C3F1DEE243D00112BA1 /* AudioVC.swift */,
				E4BB82681DADAA0A004F359F /* Main.storyboard */,
				E4BB826E1DADAA0A004F359F /* Assets.xcassets */,
				E4BB82701DADAA0A004F359F /* LaunchScreen.storyboard */,
				E4BB82731DADAA0A004F359F /* Info.plist */,
				E4BB826B1DADAA0A004F359F /* SpotifyJsonTut.xcdatamodeld */,
			);
			path = SpotifyJsonTut;
			sourceTree = "<group>";
		};
		E4BB827B1DADAA0A004F359F /* SpotifyJsonTutTests */ = {
			isa = PBXGroup;
			children = (
				E4BB827C1DADAA0A004F359F /* SpotifyJsonTutTests.swift */,
				E4BB827E1DADAA0A004F359F /* Info.plist */,
			);
			path = SpotifyJsonTutTests;
			sourceTree = "<group>";
		};
		E4BB82861DADAA0B004F359F /* SpotifyJsonTutUITests */ = {
			isa = PBXGroup;
			children = (
				E4BB82871DADAA0B004F359F /* SpotifyJsonTutUITests.swift */,
				E4BB82891DADAA0B004F359F /* Info.plist */,
			);
			path = SpotifyJsonTutUITests;
			sourceTree = "<group>";
		};
		E5D8F5F8621993A21BEBE675 /* Frameworks */ = {
			isa = PBXGroup;
			children = (
				EA824ABE764D06F740257610 /* Pods_SpotifyJsonTut.framework */,
				32496421EE1F5DA757238456 /* Pods_SpotifyJsonTutTests.framework */,
				79D115935A665F9DDD43B7E3 /* Pods_SpotifyJsonTutUITests.framework */,
			);
			name = Frameworks;
			sourceTree = "<group>";
		};
/* End PBXGroup section */

/* Begin PBXNativeTarget section */
		E4BB82601DADAA0A004F359F /* SpotifyJsonTut */ = {
			isa = PBXNativeTarget;
			buildConfigurationList = E4BB828C1DADAA0B004F359F /* Build configuration list for PBXNativeTarget "SpotifyJsonTut" */;
			buildPhases = (
				62CE6DCEB8642BEE74877B18 /* [CP] Check Pods Manifest.lock */,
				E4BB825D1DADAA0A004F359F /* Sources */,
				E4BB825E1DADAA0A004F359F /* Frameworks */,
				E4BB825F1DADAA0A004F359F /* Resources */,
				0094261CB336420FAC12C01B /* [CP] Embed Pods Frameworks */,
				9A45F3A2F833D7865AA35957 /* [CP] Copy Pods Resources */,
			);
			buildRules = (
			);
			dependencies = (
			);
			name = SpotifyJsonTut;
			productName = SpotifyJsonTut;
			productReference = E4BB82611DADAA0A004F359F /* SpotifyJsonTut.app */;
			productType = "com.apple.product-type.application";
		};
		E4BB82771DADAA0A004F359F /* SpotifyJsonTutTests */ = {
			isa = PBXNativeTarget;
			buildConfigurationList = E4BB828F1DADAA0B004F359F /* Build configuration list for PBXNativeTarget "SpotifyJsonTutTests" */;
			buildPhases = (
				E6ABC5A9EA6F624D0195F5FE /* [CP] Check Pods Manifest.lock */,
				E4BB82741DADAA0A004F359F /* Sources */,
				E4BB82751DADAA0A004F359F /* Frameworks */,
				E4BB82761DADAA0A004F359F /* Resources */,
				DD936A8363F9409DAC1A2F51 /* [CP] Embed Pods Frameworks */,
				87D65F632162AD60DC282F97 /* [CP] Copy Pods Resources */,
			);
			buildRules = (
			);
			dependencies = (
				E4BB827A1DADAA0A004F359F /* PBXTargetDependency */,
			);
			name = SpotifyJsonTutTests;
			productName = SpotifyJsonTutTests;
			productReference = E4BB82781DADAA0A004F359F /* SpotifyJsonTutTests.xctest */;
			productType = "com.apple.product-type.bundle.unit-test";
		};
		E4BB82821DADAA0B004F359F /* SpotifyJsonTutUITests */ = {
			isa = PBXNativeTarget;
			buildConfigurationList = E4BB82921DADAA0B004F359F /* Build configuration list for PBXNativeTarget "SpotifyJsonTutUITests" */;
			buildPhases = (
				71689B738131D718794D0050 /* [CP] Check Pods Manifest.lock */,
				E4BB827F1DADAA0B004F359F /* Sources */,
				E4BB82801DADAA0B004F359F /* Frameworks */,
				E4BB82811DADAA0B004F359F /* Resources */,
				4701120CD013980D9B812F52 /* [CP] Copy Pods Resources */,
			);
			buildRules = (
			);
			dependencies = (
				E4BB82851DADAA0B004F359F /* PBXTargetDependency */,
			);
			name = SpotifyJsonTutUITests;
			productName = SpotifyJsonTutUITests;
			productReference = E4BB82831DADAA0B004F359F /* SpotifyJsonTutUITests.xctest */;
			productType = "com.apple.product-type.bundle.ui-testing";
		};
/* End PBXNativeTarget section */

/* Begin PBXProject section */
		E4BB82591DADAA0A004F359F /* Project object */ = {
			isa = PBXProject;
			attributes = {
				LastSwiftUpdateCheck = 0800;
				LastUpgradeCheck = 0810;
				ORGANIZATIONNAME = "Shane Noonan";
				TargetAttributes = {
					E4BB82601DADAA0A004F359F = {
						CreatedOnToolsVersion = 8.0;
						ProvisioningStyle = Automatic;
					};
					E4BB82771DADAA0A004F359F = {
						CreatedOnToolsVersion = 8.0;
						ProvisioningStyle = Automatic;
						TestTargetID = E4BB82601DADAA0A004F359F;
					};
					E4BB82821DADAA0B004F359F = {
						CreatedOnToolsVersion = 8.0;
						ProvisioningStyle = Automatic;
						TestTargetID = E4BB82601DADAA0A004F359F;
					};
				};
			};
			buildConfigurationList = E4BB825C1DADAA0A004F359F /* Build configuration list for PBXProject "SpotifyJsonTut" */;
			compatibilityVersion = "Xcode 3.2";
			developmentRegion = English;
			hasScannedForEncodings = 0;
			knownRegions = (
				en,
				Base,
			);
			mainGroup = E4BB82581DADAA0A004F359F;
			productRefGroup = E4BB82621DADAA0A004F359F /* Products */;
			projectDirPath = "";
			projectRoot = "";
			targets = (
				E4BB82601DADAA0A004F359F /* SpotifyJsonTut */,
				E4BB82771DADAA0A004F359F /* SpotifyJsonTutTests */,
				E4BB82821DADAA0B004F359F /* SpotifyJsonTutUITests */,
			);
		};
/* End PBXProject section */

/* Begin PBXResourcesBuildPhase section */
		E4BB825F1DADAA0A004F359F /* Resources */ = {
			isa = PBXResourcesBuildPhase;
			buildActionMask = 2147483647;
			files = (
				E4BB82721DADAA0A004F359F /* LaunchScreen.storyboard in Resources */,
				E4BB826F1DADAA0A004F359F /* Assets.xcassets in Resources */,
				E4BB826A1DADAA0A004F359F /* Main.storyboard in Resources */,
			);
			runOnlyForDeploymentPostprocessing = 0;
		};
		E4BB82761DADAA0A004F359F /* Resources */ = {
			isa = PBXResourcesBuildPhase;
			buildActionMask = 2147483647;
			files = (
			);
			runOnlyForDeploymentPostprocessing = 0;
		};
		E4BB82811DADAA0B004F359F /* Resources */ = {
			isa = PBXResourcesBuildPhase;
			buildActionMask = 2147483647;
			files = (
			);
			runOnlyForDeploymentPostprocessing = 0;
		};
/* End PBXResourcesBuildPhase section */

/* Begin PBXShellScriptBuildPhase section */
		0094261CB336420FAC12C01B /* [CP] Embed Pods Frameworks */ = {
			isa = PBXShellScriptBuildPhase;
			buildActionMask = 2147483647;
			files = (
			);
			inputPaths = (
			);
			name = "[CP] Embed Pods Frameworks";
			outputPaths = (
			);
			runOnlyForDeploymentPostprocessing = 0;
			shellPath = /bin/sh;
			shellScript = "\"${SRCROOT}/Pods/Target Support Files/Pods-SpotifyJsonTut/Pods-SpotifyJsonTut-frameworks.sh\"\n";
			showEnvVarsInLog = 0;
		};
		4701120CD013980D9B812F52 /* [CP] Copy Pods Resources */ = {
			isa = PBXShellScriptBuildPhase;
			buildActionMask = 2147483647;
			files = (
			);
			inputPaths = (
			);
			name = "[CP] Copy Pods Resources";
			outputPaths = (
			);
			runOnlyForDeploymentPostprocessing = 0;
			shellPath = /bin/sh;
			shellScript = "\"${SRCROOT}/Pods/Target Support Files/Pods-SpotifyJsonTutUITests/Pods-SpotifyJsonTutUITests-resources.sh\"\n";
			showEnvVarsInLog = 0;
		};
		62CE6DCEB8642BEE74877B18 /* [CP] Check Pods Manifest.lock */ = {
			isa = PBXShellScriptBuildPhase;
			buildActionMask = 2147483647;
			files = (
			);
			inputPaths = (
			);
			name = "[CP] Check Pods Manifest.lock";
			outputPaths = (
			);
			runOnlyForDeploymentPostprocessing = 0;
			shellPath = /bin/sh;
			shellScript = "diff \"${PODS_ROOT}/../Podfile.lock\" \"${PODS_ROOT}/Manifest.lock\" > /dev/null\nif [[ $? != 0 ]] ; then\n    cat << EOM\nerror: The sandbox is not in sync with the Podfile.lock. Run 'pod install' or update your CocoaPods installation.\nEOM\n    exit 1\nfi\n";
			showEnvVarsInLog = 0;
		};
		71689B738131D718794D0050 /* [CP] Check Pods Manifest.lock */ = {
			isa = PBXShellScriptBuildPhase;
			buildActionMask = 2147483647;
			files = (
			);
			inputPaths = (
			);
			name = "[CP] Check Pods Manifest.lock";
			outputPaths = (
			);
			runOnlyForDeploymentPostprocessing = 0;
			shellPath = /bin/sh;
			shellScript = "diff \"${PODS_ROOT}/../Podfile.lock\" \"${PODS_ROOT}/Manifest.lock\" > /dev/null\nif [[ $? != 0 ]] ; then\n    cat << EOM\nerror: The sandbox is not in sync with the Podfile.lock. Run 'pod install' or update your CocoaPods installation.\nEOM\n    exit 1\nfi\n";
			showEnvVarsInLog = 0;
		};
		87D65F632162AD60DC282F97 /* [CP] Copy Pods Resources */ = {
			isa = PBXShellScriptBuildPhase;
			buildActionMask = 2147483647;
			files = (
			);
			inputPaths = (
			);
			name = "[CP] Copy Pods Resources";
			outputPaths = (
			);
			runOnlyForDeploymentPostprocessing = 0;
			shellPath = /bin/sh;
			shellScript = "\"${SRCROOT}/Pods/Target Support Files/Pods-SpotifyJsonTutTests/Pods-SpotifyJsonTutTests-resources.sh\"\n";
			showEnvVarsInLog = 0;
		};
		9A45F3A2F833D7865AA35957 /* [CP] Copy Pods Resources */ = {
			isa = PBXShellScriptBuildPhase;
			buildActionMask = 2147483647;
			files = (
			);
			inputPaths = (
			);
			name = "[CP] Copy Pods Resources";
			outputPaths = (
			);
			runOnlyForDeploymentPostprocessing = 0;
			shellPath = /bin/sh;
			shellScript = "\"${SRCROOT}/Pods/Target Support Files/Pods-SpotifyJsonTut/Pods-SpotifyJsonTut-resources.sh\"\n";
			showEnvVarsInLog = 0;
		};
		DD936A8363F9409DAC1A2F51 /* [CP] Embed Pods Frameworks */ = {
			isa = PBXShellScriptBuildPhase;
			buildActionMask = 2147483647;
			files = (
			);
			inputPaths = (
			);
			name = "[CP] Embed Pods Frameworks";
			outputPaths = (
			);
			runOnlyForDeploymentPostprocessing = 0;
			shellPath = /bin/sh;
			shellScript = "\"${SRCROOT}/Pods/Target Support Files/Pods-SpotifyJsonTutTests/Pods-SpotifyJsonTutTests-frameworks.sh\"\n";
			showEnvVarsInLog = 0;
		};
		E6ABC5A9EA6F624D0195F5FE /* [CP] Check Pods Manifest.lock */ = {
			isa = PBXShellScriptBuildPhase;
			buildActionMask = 2147483647;
			files = (
			);
			inputPaths = (
			);
			name = "[CP] Check Pods Manifest.lock";
			outputPaths = (
			);
			runOnlyForDeploymentPostprocessing = 0;
			shellPath = /bin/sh;
			shellScript = "diff \"${PODS_ROOT}/../Podfile.lock\" \"${PODS_ROOT}/Manifest.lock\" > /dev/null\nif [[ $? != 0 ]] ; then\n    cat << EOM\nerror: The sandbox is not in sync with the Podfile.lock. Run 'pod install' or update your CocoaPods installation.\nEOM\n    exit 1\nfi\n";
			showEnvVarsInLog = 0;
		};
/* End PBXShellScriptBuildPhase section */

/* Begin PBXSourcesBuildPhase section */
		E4BB825D1DADAA0A004F359F /* Sources */ = {
			isa = PBXSourcesBuildPhase;
			buildActionMask = 2147483647;
			files = (
				E4BB82671DADAA0A004F359F /* ViewController.swift in Sources */,
				E4BB82651DADAA0A004F359F /* AppDelegate.swift in Sources */,
				E4BB826D1DADAA0A004F359F /* SpotifyJsonTut.xcdatamodeld in Sources */,
				E4D51C401DEE243D00112BA1 /* AudioVC.swift in Sources */,
			);
			runOnlyForDeploymentPostprocessing = 0;
		};
		E4BB82741DADAA0A004F359F /* Sources */ = {
			isa = PBXSourcesBuildPhase;
			buildActionMask = 2147483647;
			files = (
				E4BB827D1DADAA0A004F359F /* SpotifyJsonTutTests.swift in Sources */,
			);
			runOnlyForDeploymentPostprocessing = 0;
		};
		E4BB827F1DADAA0B004F359F /* Sources */ = {
			isa = PBXSourcesBuildPhase;
			buildActionMask = 2147483647;
			files = (
				E4BB82881DADAA0B004F359F /* SpotifyJsonTutUITests.swift in Sources */,
			);
			runOnlyForDeploymentPostprocessing = 0;
		};
/* End PBXSourcesBuildPhase section */

/* Begin PBXTargetDependency section */
		E4BB827A1DADAA0A004F359F /* PBXTargetDependency */ = {
			isa = PBXTargetDependency;
			target = E4BB82601DADAA0A004F359F /* SpotifyJsonTut */;
			targetProxy = E4BB82791DADAA0A004F359F /* PBXContainerItemProxy */;
		};
		E4BB82851DADAA0B004F359F /* PBXTargetDependency */ = {
			isa = PBXTargetDependency;
			target = E4BB82601DADAA0A004F359F /* SpotifyJsonTut */;
			targetProxy = E4BB82841DADAA0B004F359F /* PBXContainerItemProxy */;
		};
/* End PBXTargetDependency section */

/* Begin PBXVariantGroup section */
		E4BB82681DADAA0A004F359F /* Main.storyboard */ = {
			isa = PBXVariantGroup;
			children = (
				E4BB82691DADAA0A004F359F /* Base */,
			);
			name = Main.storyboard;
			sourceTree = "<group>";
		};
		E4BB82701DADAA0A004F359F /* LaunchScreen.storyboard */ = {
			isa = PBXVariantGroup;
			children = (
				E4BB82711DADAA0A004F359F /* Base */,
			);
			name = LaunchScreen.storyboard;
			sourceTree = "<group>";
		};
/* End PBXVariantGroup section */

/* Begin XCBuildConfiguration section */
		E4BB828A1DADAA0B004F359F /* Debug */ = {
			isa = XCBuildConfiguration;
			buildSettings = {
				ALWAYS_SEARCH_USER_PATHS = NO;
				CLANG_ANALYZER_NONNULL = YES;
				CLANG_CXX_LANGUAGE_STANDARD = "gnu++0x";
				CLANG_CXX_LIBRARY = "libc++";
				CLANG_ENABLE_MODULES = YES;
				CLANG_ENABLE_OBJC_ARC = YES;
				CLANG_WARN_BOOL_CONVERSION = YES;
				CLANG_WARN_CONSTANT_CONVERSION = YES;
				CLANG_WARN_DIRECT_OBJC_ISA_USAGE = YES_ERROR;
				CLANG_WARN_DOCUMENTATION_COMMENTS = YES;
				CLANG_WARN_EMPTY_BODY = YES;
				CLANG_WARN_ENUM_CONVERSION = YES;
				CLANG_WARN_INFINITE_RECURSION = YES;
				CLANG_WARN_INT_CONVERSION = YES;
				CLANG_WARN_OBJC_ROOT_CLASS = YES_ERROR;
				CLANG_WARN_SUSPICIOUS_MOVE = YES;
				CLANG_WARN_SUSPICIOUS_MOVES = YES;
				CLANG_WARN_UNREACHABLE_CODE = YES;
				CLANG_WARN__DUPLICATE_METHOD_MATCH = YES;
				"CODE_SIGN_IDENTITY[sdk=iphoneos*]" = "iPhone Developer";
				COPY_PHASE_STRIP = NO;
				DEBUG_INFORMATION_FORMAT = dwarf;
				ENABLE_STRICT_OBJC_MSGSEND = YES;
				ENABLE_TESTABILITY = YES;
				GCC_C_LANGUAGE_STANDARD = gnu99;
				GCC_DYNAMIC_NO_PIC = NO;
				GCC_NO_COMMON_BLOCKS = YES;
				GCC_OPTIMIZATION_LEVEL = 0;
				GCC_PREPROCESSOR_DEFINITIONS = (
					"DEBUG=1",
					"$(inherited)",
				);
				GCC_WARN_64_TO_32_BIT_CONVERSION = YES;
				GCC_WARN_ABOUT_RETURN_TYPE = YES_ERROR;
				GCC_WARN_UNDECLARED_SELECTOR = YES;
				GCC_WARN_UNINITIALIZED_AUTOS = YES_AGGRESSIVE;
				GCC_WARN_UNUSED_FUNCTION = YES;
				GCC_WARN_UNUSED_VARIABLE = YES;
				IPHONEOS_DEPLOYMENT_TARGET = 10.0;
				MTL_ENABLE_DEBUG_INFO = YES;
				ONLY_ACTIVE_ARCH = YES;
				SDKROOT = iphoneos;
				SWIFT_ACTIVE_COMPILATION_CONDITIONS = DEBUG;
				SWIFT_OPTIMIZATION_LEVEL = "-Onone";
				TARGETED_DEVICE_FAMILY = "1,2";
			};
			name = Debug;
		};
		E4BB828B1DADAA0B004F359F /* Release */ = {
			isa = XCBuildConfiguration;
			buildSettings = {
				ALWAYS_SEARCH_USER_PATHS = NO;
				CLANG_ANALYZER_NONNULL = YES;
				CLANG_CXX_LANGUAGE_STANDARD = "gnu++0x";
				CLANG_CXX_LIBRARY = "libc++";
				CLANG_ENABLE_MODULES = YES;
				CLANG_ENABLE_OBJC_ARC = YES;
				CLANG_WARN_BOOL_CONVERSION = YES;
				CLANG_WARN_CONSTANT_CONVERSION = YES;
				CLANG_WARN_DIRECT_OBJC_ISA_USAGE = YES_ERROR;
				CLANG_WARN_DOCUMENTATION_COMMENTS = YES;
				CLANG_WARN_EMPTY_BODY = YES;
				CLANG_WARN_ENUM_CONVERSION = YES;
				CLANG_WARN_INFINITE_RECURSION = YES;
				CLANG_WARN_INT_CONVERSION = YES;
				CLANG_WARN_OBJC_ROOT_CLASS = YES_ERROR;
				CLANG_WARN_SUSPICIOUS_MOVE = YES;
				CLANG_WARN_SUSPICIOUS_MOVES = YES;
				CLANG_WARN_UNREACHABLE_CODE = YES;
				CLANG_WARN__DUPLICATE_METHOD_MATCH = YES;
				"CODE_SIGN_IDENTITY[sdk=iphoneos*]" = "iPhone Developer";
				COPY_PHASE_STRIP = NO;
				DEBUG_INFORMATION_FORMAT = "dwarf-with-dsym";
				ENABLE_NS_ASSERTIONS = NO;
				ENABLE_STRICT_OBJC_MSGSEND = YES;
				GCC_C_LANGUAGE_STANDARD = gnu99;
				GCC_NO_COMMON_BLOCKS = YES;
				GCC_WARN_64_TO_32_BIT_CONVERSION = YES;
				GCC_WARN_ABOUT_RETURN_TYPE = YES_ERROR;
				GCC_WARN_UNDECLARED_SELECTOR = YES;
				GCC_WARN_UNINITIALIZED_AUTOS = YES_AGGRESSIVE;
				GCC_WARN_UNUSED_FUNCTION = YES;
				GCC_WARN_UNUSED_VARIABLE = YES;
				IPHONEOS_DEPLOYMENT_TARGET = 10.0;
				MTL_ENABLE_DEBUG_INFO = NO;
				SDKROOT = iphoneos;
				SWIFT_OPTIMIZATION_LEVEL = "-Owholemodule";
				TARGETED_DEVICE_FAMILY = "1,2";
				VALIDATE_PRODUCT = YES;
			};
			name = Release;
		};
		E4BB828D1DADAA0B004F359F /* Debug */ = {
			isa = XCBuildConfiguration;
			baseConfigurationReference = F73D8C32E0ED64E8C437A323 /* Pods-SpotifyJsonTut.debug.xcconfig */;
			buildSettings = {
				ALWAYS_EMBED_SWIFT_STANDARD_LIBRARIES = YES;
				ASSETCATALOG_COMPILER_APPICON_NAME = AppIcon;
				INFOPLIST_FILE = SpotifyJsonTut/Info.plist;
				LD_RUNPATH_SEARCH_PATHS = "$(inherited) @executable_path/Frameworks";
				PRODUCT_BUNDLE_IDENTIFIER = ShaneNoonan.SpotifyJsonTut;
				PRODUCT_NAME = "$(TARGET_NAME)";
				SWIFT_VERSION = 3.0;
			};
			name = Debug;
		};
		E4BB828E1DADAA0B004F359F /* Release */ = {
			isa = XCBuildConfiguration;
			baseConfigurationReference = CD37242AE4EEF7A01E557298 /* Pods-SpotifyJsonTut.release.xcconfig */;
			buildSettings = {
				ALWAYS_EMBED_SWIFT_STANDARD_LIBRARIES = YES;
				ASSETCATALOG_COMPILER_APPICON_NAME = AppIcon;
				INFOPLIST_FILE = SpotifyJsonTut/Info.plist;
				LD_RUNPATH_SEARCH_PATHS = "$(inherited) @executable_path/Frameworks";
				PRODUCT_BUNDLE_IDENTIFIER = ShaneNoonan.SpotifyJsonTut;
				PRODUCT_NAME = "$(TARGET_NAME)";
				SWIFT_VERSION = 3.0;
			};
			name = Release;
		};
		E4BB82901DADAA0B004F359F /* Debug */ = {
			isa = XCBuildConfiguration;
			baseConfigurationReference = F80BC780E52654B9D20E1402 /* Pods-SpotifyJsonTutTests.debug.xcconfig */;
			buildSettings = {
				ALWAYS_EMBED_SWIFT_STANDARD_LIBRARIES = YES;
				BUNDLE_LOADER = "$(TEST_HOST)";
				INFOPLIST_FILE = SpotifyJsonTutTests/Info.plist;
				LD_RUNPATH_SEARCH_PATHS = "$(inherited) @executable_path/Frameworks @loader_path/Frameworks";
				PRODUCT_BUNDLE_IDENTIFIER = ShaneNoonan.SpotifyJsonTutTests;
				PRODUCT_NAME = "$(TARGET_NAME)";
				SWIFT_VERSION = 3.0;
				TEST_HOST = "$(BUILT_PRODUCTS_DIR)/SpotifyJsonTut.app/SpotifyJsonTut";
			};
			name = Debug;
		};
		E4BB82911DADAA0B004F359F /* Release */ = {
			isa = XCBuildConfiguration;
			baseConfigurationReference = 64E546424CE9CF0D1F9EE849 /* Pods-SpotifyJsonTutTests.release.xcconfig */;
			buildSettings = {
				ALWAYS_EMBED_SWIFT_STANDARD_LIBRARIES = YES;
				BUNDLE_LOADER = "$(TEST_HOST)";
				INFOPLIST_FILE = SpotifyJsonTutTests/Info.plist;
				LD_RUNPATH_SEARCH_PATHS = "$(inherited) @executable_path/Frameworks @loader_path/Frameworks";
				PRODUCT_BUNDLE_IDENTIFIER = ShaneNoonan.SpotifyJsonTutTests;
				PRODUCT_NAME = "$(TARGET_NAME)";
				SWIFT_VERSION = 3.0;
				TEST_HOST = "$(BUILT_PRODUCTS_DIR)/SpotifyJsonTut.app/SpotifyJsonTut";
			};
			name = Release;
		};
		E4BB82931DADAA0B004F359F /* Debug */ = {
			isa = XCBuildConfiguration;
			baseConfigurationReference = DF756529C4A24AF63689A62A /* Pods-SpotifyJsonTutUITests.debug.xcconfig */;
			buildSettings = {
				ALWAYS_EMBED_SWIFT_STANDARD_LIBRARIES = YES;
				INFOPLIST_FILE = SpotifyJsonTutUITests/Info.plist;
				LD_RUNPATH_SEARCH_PATHS = "$(inherited) @executable_path/Frameworks @loader_path/Frameworks";
				PRODUCT_BUNDLE_IDENTIFIER = ShaneNoonan.SpotifyJsonTutUITests;
				PRODUCT_NAME = "$(TARGET_NAME)";
				SWIFT_VERSION = 3.0;
				TEST_TARGET_NAME = SpotifyJsonTut;
			};
			name = Debug;
		};
		E4BB82941DADAA0B004F359F /* Release */ = {
			isa = XCBuildConfiguration;
			baseConfigurationReference = CE00B3ECCB7DCFCE35C06886 /* Pods-SpotifyJsonTutUITests.release.xcconfig */;
			buildSettings = {
				ALWAYS_EMBED_SWIFT_STANDARD_LIBRARIES = YES;
				INFOPLIST_FILE = SpotifyJsonTutUITests/Info.plist;
				LD_RUNPATH_SEARCH_PATHS = "$(inherited) @executable_path/Frameworks @loader_path/Frameworks";
				PRODUCT_BUNDLE_IDENTIFIER = ShaneNoonan.SpotifyJsonTutUITests;
				PRODUCT_NAME = "$(TARGET_NAME)";
				SWIFT_VERSION = 3.0;
				TEST_TARGET_NAME = SpotifyJsonTut;
			};
			name = Release;
		};
/* End XCBuildConfiguration section */

/* Begin XCConfigurationList section */
		E4BB825C1DADAA0A004F359F /* Build configuration list for PBXProject "SpotifyJsonTut" */ = {
			isa = XCConfigurationList;
			buildConfigurations = (
				E4BB828A1DADAA0B004F359F /* Debug */,
				E4BB828B1DADAA0B004F359F /* Release */,
			);
			defaultConfigurationIsVisible = 0;
			defaultConfigurationName = Release;
		};
		E4BB828C1DADAA0B004F359F /* Build configuration list for PBXNativeTarget "SpotifyJsonTut" */ = {
			isa = XCConfigurationList;
			buildConfigurations = (
				E4BB828D1DADAA0B004F359F /* Debug */,
				E4BB828E1DADAA0B004F359F /* Release */,
			);
			defaultConfigurationIsVisible = 0;
			defaultConfigurationName = Release;
		};
		E4BB828F1DADAA0B004F359F /* Build configuration list for PBXNativeTarget "SpotifyJsonTutTests" */ = {
			isa = XCConfigurationList;
			buildConfigurations = (
				E4BB82901DADAA0B004F359F /* Debug */,
				E4BB82911DADAA0B004F359F /* Release */,
			);
			defaultConfigurationIsVisible = 0;
			defaultConfigurationName = Release;
		};
		E4BB82921DADAA0B004F359F /* Build configuration list for PBXNativeTarget "SpotifyJsonTutUITests" */ = {
			isa = XCConfigurationList;
			buildConfigurations = (
				E4BB82931DADAA0B004F359F /* Debug */,
				E4BB82941DADAA0B004F359F /* Release */,
			);
			defaultConfigurationIsVisible = 0;
			defaultConfigurationName = Release;
		};
/* End XCConfigurationList section */

/* Begin XCVersionGroup section */
		E4BB826B1DADAA0A004F359F /* SpotifyJsonTut.xcdatamodeld */ = {
			isa = XCVersionGroup;
			children = (
				E4BB826C1DADAA0A004F359F /* SpotifyJsonTut.xcdatamodel */,
			);
			currentVersion = E4BB826C1DADAA0A004F359F /* SpotifyJsonTut.xcdatamodel */;
			path = SpotifyJsonTut.xcdatamodeld;
			sourceTree = "<group>";
			versionGroupType = wrapper.xcdatamodel;
		};
/* End XCVersionGroup section */
	};
	rootObject = E4BB82591DADAA0A004F359F /* Project object */;
}
